{
  "pins" : [
    {
      "identity" : "cryptoswift",
      "kind" : "remoteSourceControl",
      "location" : "https://github.com/krzyzanowskim/CryptoSwift",
      "state" : {
        "revision" : "12f2389aca4a07e0dd54c86ec23d0721ed88b8db",
        "version" : "1.4.3"
      }
    },
    {
      "identity" : "grdb.swift",
      "kind" : "remoteSourceControl",
      "location" : "https://github.com/roxiemobile-forks/GRDB.swift",
      "state" : {
        "revision" : "20d02f03522dffc43adf54d90c547733adaef765",
        "version" : "5.21.0-patch.1"
      }
    },
    {
      "identity" : "swift-commons-ios",
      "kind" : "remoteSourceControl",
      "location" : "https://github.com/roxiemobile/swift-commons-ios",
      "state" : {
        "revision" : "20a9a3390d112909fd32b482546df49a708cd9cf",
        "version" : "1.7.0"
      }
    },
    {
      "identity" : "zipfoundation",
      "kind" : "remoteSourceControl",
      "location" : "https://github.com/weichsel/ZIPFoundation",
      "state" : {
        "revision" : "1b662e2e7a091710ad8a963263939984e2ebf527",
        "version" : "0.9.14"
      }
    }
  ],
  "version" : 2
}
