{
  "object": {
    "pins": [
      {
        "package": "CryptoSwift",
        "repositoryURL": "https://github.com/krzyzanowskim/CryptoSwift",
        "state": {
          "branch": null,
          "revision": "12f2389aca4a07e0dd54c86ec23d0721ed88b8db",
          "version": "1.4.3"
        }
      },
      {
        "package": "GRDB",
        "repositoryURL": "https://github.com/roxiemobile-forks/GRDB.swift",
        "state": {
          "branch": null,
          "revision": "3076ca29b753d5cecdb7a7be0c3890e915e299f7",
          "version": "5.7.4-patch.1"
        }
      },
      {
        "package": "SwiftCommons",
        "repositoryURL": "https://github.com/roxiemobile/swift-commons.ios",
        "state": {
          "branch": null,
          "revision": "907038a53b24692d41d9b7bf42f29fae355164e7",
          "version": "1.6.0"
        }
      },
      {
        "package": "ZIPFoundation",
        "repositoryURL": "https://github.com/weichsel/ZIPFoundation",
        "state": {
          "branch": null,
          "revision": "cf10bbff6ac3b873e97b36b9784c79866a051a8e",
          "version": "0.9.12"
        }
      }
    ]
  },
  "version": 1
}
