PODS:
  - CryptoSwift (1.4.3)
  - GRDB.swift/SQLCipher (5.21.0):
    - SQLCipher (>= 3.4.0)
  - SQLCipher (4.5.1):
    - SQLCipher/standard (= 4.5.1)
  - SQLCipher/common (4.5.1)
  - SQLCipher/standard (4.5.1):
    - SQLCipher/common
  - SwiftCommons/Concurrent (1.6.3):
    - SwiftCommonsConcurrent (= 1.6.3)
  - SwiftCommons/Extensions (1.6.3):
    - SwiftCommonsExtensions (= 1.6.3)
  - SwiftCommonsAbstractions (1.6.3)
  - SwiftCommonsConcurrent (1.6.3):
    - SwiftCommonsObjC (= 1.6.3)
  - SwiftCommonsExtensions (1.6.3):
    - SwiftCommonsAbstractions (= 1.6.3)
    - SwiftCommonsLogging (= 1.6.3)
  - SwiftCommonsLang (1.6.3)
  - SwiftCommonsLogging (1.6.3):
    - SwiftCommonsConcurrent (= 1.6.3)
    - SwiftCommonsLang (= 1.6.3)
  - SwiftCommonsObjC (1.6.3)
  - ZIPFoundation (0.9.13)

DEPENDENCIES:
  - CryptoSwift (~> 1.4.3)
  - GRDB.swift/SQLCipher (~> 5.21.0)
  - SwiftCommons/Concurrent (~> 1.6.3)
  - SwiftCommons/Extensions (~> 1.6.3)
  - ZIPFoundation (~> 0.9.13)

SPEC REPOS:
  https://github.com/CocoaPods/Specs.git:
    - CryptoSwift
    - GRDB.swift
    - SQLCipher
    - SwiftCommons
    - SwiftCommonsAbstractions
    - SwiftCommonsConcurrent
    - SwiftCommonsExtensions
    - SwiftCommonsLang
    - SwiftCommonsLogging
    - SwiftCommonsObjC
    - ZIPFoundation

SPEC CHECKSUMS:
  CryptoSwift: a0799ee936271bd2253a006f1e4523df21845000
  GRDB.swift: 09b2c81379f8949e1f6e2696f620bf15b7b9a051
  SQLCipher: 712e8416685e8e575b9b0706ffee71678b2fdcf8
  SwiftCommons: 763077f49cfb9899080af41bee4e53243c2187c2
  SwiftCommonsAbstractions: 99b5161d1634b9f36fe7abf4db3bbca12e756b8b
  SwiftCommonsConcurrent: 60bb60e7e757d21b766c5fdab9731401dc68ef3c
  SwiftCommonsExtensions: 76537e9005552e1971843ec4ca677f92bd71a84f
  SwiftCommonsLang: 69c80b50239afc587da136347f641751ae71ce45
  SwiftCommonsLogging: 11ec3850c3b17cf7626b3cf4fb748b0be5d32412
  SwiftCommonsObjC: 1f3e0e2724afb14cc2b463d3546cfa4810ba433b
  ZIPFoundation: ae5b4b813d216d3bf0a148773267fff14bd51d37

PODFILE CHECKSUM: c085ef41de4b2255900663b544b99c8097d790e3

COCOAPODS: 1.11.3
