{
  "pins" : [
    {
      "identity" : "grdb.swift",
      "kind" : "remoteSourceControl",
      "location" : "https://github.com/roxiemobile-forks/GRDB.swift",
      "state" : {
        "revision" : "4d646def7eeff4b0a71ee2f956fdc8e678deb2f9",
        "version" : "5.26.1-patch.1"
      }
    },
    {
      "identity" : "swift-commons-ios",
      "kind" : "remoteSourceControl",
      "location" : "https://github.com/roxiemobile/swift-commons-ios",
      "state" : {
        "revision" : "20a9a3390d112909fd32b482546df49a708cd9cf",
        "version" : "1.7.0"
      }
    },
    {
      "identity" : "zipfoundation",
      "kind" : "remoteSourceControl",
      "location" : "https://github.com/weichsel/ZIPFoundation",
      "state" : {
        "revision" : "43ec568034b3731101dbf7670765d671c30f54f3",
        "version" : "0.9.16"
      }
    }
  ],
  "version" : 2
}
